// !$*UTF8*$!
{
  archiveVersion = 1;
  classes = {};
  objectVersion = 56;
  objects = {
    A00000000000000000000001 = { isa = PBXFileReference; lastKnownFileType = sourcecode.swift; path = AppDelegate.swift; sourceTree = "<group>"; };
    A00000000000000000000002 = { isa = PBXFileReference; lastKnownFileType = sourcecode.swift; path = TouchBarController.swift; sourceTree = "<group>"; };
    A00000000000000000000003 = { isa = PBXFileReference; lastKnownFileType = sourcecode.swift; path = MenuBarController.swift; sourceTree = "<group>"; };
    A00000000000000000000004 = { isa = PBXFileReference; lastKnownFileType = sourcecode.swift; path = ReaperController.swift; sourceTree = "<group>"; };
    A00000000000000000000005 = { isa = PBXFileReference; lastKnownFileType = sourcecode.swift; path = AppleScriptManager.swift; sourceTree = "<group>"; };
    A00000000000000000000006 = { isa = PBXFileReference; lastKnownFileType = sourcecode.swift; path = ApplicationLauncher.swift; sourceTree = "<group>"; };
    A00000000000000000000007 = { isa = PBXFileReference; lastKnownFileType = text.plist.xml; path = Info.plist; sourceTree = "<group>"; };
    A00000000000000000000008 = { isa = PBXFileReference; lastKnownFileType = file; path = ReaTouch_ProjectBridge.lua; sourceTree = "<group>"; };
    A00000000000000000000009 = { isa = PBXFileReference; lastKnownFileType = folder.assetcatalog; path = Assets.xcassets; sourceTree = "<group>"; };
    A00000000000000000000010 = { isa = PBXFileReference; explicitFileType = wrapper.application; path = ReaTouch.app; sourceTree = BUILT_PRODUCTS_DIR; };
    A00000000000000000000011 = { isa = PBXBuildFile; fileRef = A00000000000000000000001; };
    A00000000000000000000012 = { isa = PBXBuildFile; fileRef = A00000000000000000000002; };
    A00000000000000000000013 = { isa = PBXBuildFile; fileRef = A00000000000000000000003; };
    A00000000000000000000014 = { isa = PBXBuildFile; fileRef = A00000000000000000000004; };
    A00000000000000000000015 = { isa = PBXBuildFile; fileRef = A00000000000000000000005; };
    A00000000000000000000016 = { isa = PBXBuildFile; fileRef = A00000000000000000000006; };
    A00000000000000000000017 = { isa = PBXBuildFile; fileRef = A00000000000000000000008; };
    A00000000000000000000018 = { isa = PBXBuildFile; fileRef = A00000000000000000000009; };
    A00000000000000000000019 = { isa = PBXGroup; children = (A00000000000000000000001,A00000000000000000000002,A00000000000000000000003,A00000000000000000000004,A00000000000000000000005,A00000000000000000000006,A00000000000000000000007); path = ReaTouch; sourceTree = "<group>"; };
    A00000000000000000000020 = { isa = PBXGroup; children = (A00000000000000000000008); path = Resources; sourceTree = "<group>"; };
    A00000000000000000000021 = { isa = PBXGroup; children = (A00000000000000000000009); path = Assets; sourceTree = "<group>"; };
    A00000000000000000000022 = { isa = PBXGroup; children = (A00000000000000000000010); name = Products; sourceTree = "<group>"; };
    A00000000000000000000023 = { isa = PBXGroup; children = (A00000000000000000000019,A00000000000000000000020,A00000000000000000000021,A00000000000000000000022); sourceTree = "<group>"; };
    A00000000000000000000024 = { isa = PBXSourcesBuildPhase; buildActionMask = 2147483647; files = (A00000000000000000000011,A00000000000000000000012,A00000000000000000000013,A00000000000000000000014,A00000000000000000000015,A00000000000000000000016); runOnlyForDeploymentPostprocessing = 0; };
    A00000000000000000000025 = { isa = PBXResourcesBuildPhase; buildActionMask = 2147483647; files = (A00000000000000000000017,A00000000000000000000018); runOnlyForDeploymentPostprocessing = 0; };
    A00000000000000000000026 = { isa = PBXNativeTarget; buildConfigurationList = A00000000000000000000027; buildPhases = (A00000000000000000000024,A00000000000000000000025); buildRules = (); dependencies = (); name = ReaTouch; productName = ReaTouch; productReference = A00000000000000000000010; productType = "com.apple.product-type.application"; };
    A00000000000000000000027 = { isa = XCConfigurationList; buildConfigurations = (A00000000000000000000028,A00000000000000000000029); defaultConfigurationIsVisible = 0; defaultConfigurationName = Release; };
    A00000000000000000000028 = { isa = XCBuildConfiguration; buildSettings = { CLANG_ENABLE_OBJC_ARC = YES; CODE_SIGN_STYLE = Automatic; COMBINE_HIDPI_IMAGES = YES; INFOPLIST_FILE = ReaTouch/Info.plist; LD_RUNPATH_SEARCH_PATHS = "$(inherited) @executable_path/../Frameworks"; MACOSX_DEPLOYMENT_TARGET = 13.0; PRODUCT_BUNDLE_IDENTIFIER = com.reatouch.app; SDKROOT = macosx; SWIFT_VERSION = 5.0; }; name = Debug; };
    A00000000000000000000029 = { isa = XCBuildConfiguration; buildSettings = { CLANG_ENABLE_OBJC_ARC = YES; CODE_SIGN_STYLE = Automatic; COMBINE_HIDPI_IMAGES = YES; INFOPLIST_FILE = ReaTouch/Info.plist; LD_RUNPATH_SEARCH_PATHS = "$(inherited) @executable_path/../Frameworks"; MACOSX_DEPLOYMENT_TARGET = 13.0; PRODUCT_BUNDLE_IDENTIFIER = com.reatouch.app; SDKROOT = macosx; SWIFT_COMPILATION_MODE = wholemodule; SWIFT_OPTIMIZATION_LEVEL = "-O"; SWIFT_VERSION = 5.0; }; name = Release; };
    A00000000000000000000030 = { isa = XCConfigurationList; buildConfigurations = (A00000000000000000000031,A00000000000000000000032); defaultConfigurationIsVisible = 0; defaultConfigurationName = Release; };
    A00000000000000000000031 = { isa = XCBuildConfiguration; buildSettings = { }; name = Debug; };
    A00000000000000000000032 = { isa = XCBuildConfiguration; buildSettings = { }; name = Release; };
    A00000000000000000000033 = { isa = PBXProject; attributes = { BuildIndependentTargetsInParallel = 1; LastUpgradeCheck = 1500; TargetAttributes = { A00000000000000000000026 = { CreatedOnToolsVersion = 15.0; }; }; }; buildConfigurationList = A00000000000000000000030; compatibilityVersion = "Xcode 14.0"; developmentRegion = en; hasScannedForEncodings = 0; knownRegions = (en, Base); mainGroup = A00000000000000000000023; productRefGroup = A00000000000000000000022; projectDirPath = ""; projectRoot = ""; targets = (A00000000000000000000026); };
  };
  rootObject = A00000000000000000000033;
}
